
Microsoft Visual Studio Solution File, Format Version 12.00
# Visual Studio Version 17
VisualStudioVersion = 17.0.32112.339
MinimumVisualStudioVersion = 10.0.40219.1
Project("{FAE04EC0-301F-11D3-BF4B-00C04F79EFBC}") = "ConsultaDolarHG", "ConsultaDolarHG\ConsultaDolarHG.csproj", "{E4A2B65C-9FAF-4037-91A1-5BEA2C359E21}"
EndProject
Global
	GlobalSection(SolutionConfigurationPlatforms) = preSolution
		Debug|Any CPU = Debug|Any CPU
		Release|Any CPU = Release|Any CPU
	EndGlobalSection
	GlobalSection(ProjectConfigurationPlatforms) = postSolution
		{E4A2B65C-9FAF-4037-91A1-5BEA2C359E21}.Debug|Any CPU.ActiveCfg = Debug|Any CPU
		{E4A2B65C-9FAF-4037-91A1-5BEA2C359E21}.Debug|Any CPU.Build.0 = Debug|Any CPU
		{E4A2B65C-9FAF-4037-91A1-5BEA2C359E21}.Release|Any CPU.ActiveCfg = Release|Any CPU
		{E4A2B65C-9FAF-4037-91A1-5BEA2C359E21}.Release|Any CPU.Build.0 = Release|Any CPU
	EndGlobalSection
	GlobalSection(SolutionProperties) = preSolution
		HideSolutionNode = FALSE
	EndGlobalSection
	GlobalSection(ExtensibilityGlobals) = postSolution
		SolutionGuid = {E7CDACE6-ED2F-458C-8189-31D7A12CB475}
	EndGlobalSection
EndGlobal
